
Microsoft Visual Studio Solution File, Format Version 12.00
# Visual Studio Version 17
VisualStudioVersion = 17.11.35222.181
MinimumVisualStudioVersion = 10.0.40219.1
Project("{FAE04EC0-301F-11D3-BF4B-00C04F79EFBC}") = "prac7", "prac7\prac7.csproj", "{BC77B36B-A4F3-4D48-ACE9-BC485795FB9B}"
EndProject
Global
	GlobalSection(SolutionConfigurationPlatforms) = preSolution
		Debug|Any CPU = Debug|Any CPU
		Release|Any CPU = Release|Any CPU
	EndGlobalSection
	GlobalSection(ProjectConfigurationPlatforms) = postSolution
		{BC77B36B-A4F3-4D48-ACE9-BC485795FB9B}.Debug|Any CPU.ActiveCfg = Debug|Any CPU
		{BC77B36B-A4F3-4D48-ACE9-BC485795FB9B}.Debug|Any CPU.Build.0 = Debug|Any CPU
		{BC77B36B-A4F3-4D48-ACE9-BC485795FB9B}.Release|Any CPU.ActiveCfg = Release|Any CPU
		{BC77B36B-A4F3-4D48-ACE9-BC485795FB9B}.Release|Any CPU.Build.0 = Release|Any CPU
	EndGlobalSection
	GlobalSection(SolutionProperties) = preSolution
		HideSolutionNode = FALSE
	EndGlobalSection
	GlobalSection(ExtensibilityGlobals) = postSolution
		SolutionGuid = {9DE9613D-CF59-4AA9-9236-53ACDEA7BEA1}
	EndGlobalSection
EndGlobal
